
Microsoft Visual Studio Solution File, Format Version 12.00
# Visual Studio Version 16
VisualStudioVersion = 16.0.31424.327
MinimumVisualStudioVersion = 10.0.40219.1
Project("{FAE04EC0-301F-11D3-BF4B-00C04F79EFBC}") = "testjenkins", "testjenkins\testjenkins.csproj", "{379D7900-DA1D-42BC-BB9E-DB398A3520FB}"
EndProject
Global
	GlobalSection(SolutionConfigurationPlatforms) = preSolution
		Debug|Any CPU = Debug|Any CPU
		Release|Any CPU = Release|Any CPU
	EndGlobalSection
	GlobalSection(ProjectConfigurationPlatforms) = postSolution
		{379D7900-DA1D-42BC-BB9E-DB398A3520FB}.Debug|Any CPU.ActiveCfg = Debug|Any CPU
		{379D7900-DA1D-42BC-BB9E-DB398A3520FB}.Debug|Any CPU.Build.0 = Debug|Any CPU
		{379D7900-DA1D-42BC-BB9E-DB398A3520FB}.Release|Any CPU.ActiveCfg = Release|Any CPU
		{379D7900-DA1D-42BC-BB9E-DB398A3520FB}.Release|Any CPU.Build.0 = Release|Any CPU
	EndGlobalSection
	GlobalSection(SolutionProperties) = preSolution
		HideSolutionNode = FALSE
	EndGlobalSection
	GlobalSection(ExtensibilityGlobals) = postSolution
		SolutionGuid = {5E9623A0-486A-4E2B-8237-620F634D4192}
	EndGlobalSection
EndGlobal
